
Microsoft Visual Studio Solution File, Format Version 12.00
# Visual Studio Version 17
VisualStudioVersion = 17.4.33213.308
MinimumVisualStudioVersion = 10.0.40219.1
Project("{8BC9CEB8-8B4A-11D0-8D11-00A0C91BC942}") = "CellularAutomaton", "CellularAutomaton.vcxproj", "{C11E0353-B129-43EA-A3C5-135EE35BC185}"
EndProject
Global
	GlobalSection(SolutionConfigurationPlatforms) = preSolution
		Debug|x64 = Debug|x64
		Debug|x86 = Debug|x86
		Release|x64 = Release|x64
		Release|x86 = Release|x86
	EndGlobalSection
	GlobalSection(ProjectConfigurationPlatforms) = postSolution
		{C11E0353-B129-43EA-A3C5-135EE35BC185}.Debug|x64.ActiveCfg = Debug|x64
		{C11E0353-B129-43EA-A3C5-135EE35BC185}.Debug|x64.Build.0 = Debug|x64
		{C11E0353-B129-43EA-A3C5-135EE35BC185}.Debug|x86.ActiveCfg = Debug|Win32
		{C11E0353-B129-43EA-A3C5-135EE35BC185}.Debug|x86.Build.0 = Debug|Win32
		{C11E0353-B129-43EA-A3C5-135EE35BC185}.Release|x64.ActiveCfg = Release|x64
		{C11E0353-B129-43EA-A3C5-135EE35BC185}.Release|x64.Build.0 = Release|x64
		{C11E0353-B129-43EA-A3C5-135EE35BC185}.Release|x86.ActiveCfg = Release|Win32
		{C11E0353-B129-43EA-A3C5-135EE35BC185}.Release|x86.Build.0 = Release|Win32
	EndGlobalSection
	GlobalSection(SolutionProperties) = preSolution
		HideSolutionNode = FALSE
	EndGlobalSection
	GlobalSection(ExtensibilityGlobals) = postSolution
		SolutionGuid = {CE11A898-ACDB-49F6-A14B-A48831A694E8}
	EndGlobalSection
EndGlobal
